
Microsoft Visual Studio Solution File, Format Version 12.00
# Visual Studio Version 16
VisualStudioVersion = 16.0.30128.74
MinimumVisualStudioVersion = 10.0.40219.1
Project("{9A19103F-16F7-4668-BE54-9A1E7A4F7556}") = "InfiniStep", "InfiniStep\InfiniStep.csproj", "{067B079B-9F1D-4EBC-9521-1D15A3818B76}"
EndProject
Global
	GlobalSection(SolutionConfigurationPlatforms) = preSolution
		Debug|Any CPU = Debug|Any CPU
		Release|Any CPU = Release|Any CPU
	EndGlobalSection
	GlobalSection(ProjectConfigurationPlatforms) = postSolution
		{067B079B-9F1D-4EBC-9521-1D15A3818B76}.Debug|Any CPU.ActiveCfg = Debug|Any CPU
		{067B079B-9F1D-4EBC-9521-1D15A3818B76}.Debug|Any CPU.Build.0 = Debug|Any CPU
		{067B079B-9F1D-4EBC-9521-1D15A3818B76}.Release|Any CPU.ActiveCfg = Release|Any CPU
		{067B079B-9F1D-4EBC-9521-1D15A3818B76}.Release|Any CPU.Build.0 = Release|Any CPU
	EndGlobalSection
	GlobalSection(SolutionProperties) = preSolution
		HideSolutionNode = FALSE
	EndGlobalSection
	GlobalSection(ExtensibilityGlobals) = postSolution
		SolutionGuid = {6B04D802-B1C4-4E8E-A801-A1FBE6C0E666}
	EndGlobalSection
EndGlobal
